
Microsoft Visual Studio Solution File, Format Version 12.00
Project("{FAE04EC0-301F-11D3-BF4B-00C04F79EFBC}") = "RopaSelectDormiApp", "RopaSelectDormiApp\RopaSelectDormiApp.csproj", "{38CB7ADF-7AB8-4E9E-BF5E-F5B307F2DABC}"
EndProject
Global
	GlobalSection(SolutionConfigurationPlatforms) = preSolution
		Debug|Any CPU = Debug|Any CPU
		Release|Any CPU = Release|Any CPU
	EndGlobalSection
	GlobalSection(ProjectConfigurationPlatforms) = postSolution
		{38CB7ADF-7AB8-4E9E-BF5E-F5B307F2DABC}.Debug|Any CPU.ActiveCfg = Debug|Any CPU
		{38CB7ADF-7AB8-4E9E-BF5E-F5B307F2DABC}.Debug|Any CPU.Build.0 = Debug|Any CPU
		{38CB7ADF-7AB8-4E9E-BF5E-F5B307F2DABC}.Release|Any CPU.ActiveCfg = Release|Any CPU
		{38CB7ADF-7AB8-4E9E-BF5E-F5B307F2DABC}.Release|Any CPU.Build.0 = Release|Any CPU
	EndGlobalSection
EndGlobal
